{
    "behat/transliterator": {
        "version": "v1.3.0"
    },
    "friendsofphp/proxy-manager-lts": {
        "version": "v1.0.1"
    },
    "gedmo/doctrine-extensions": {
        "version": "v3.0.0"
    },
    "stof/doctrine-extensions-bundle": {
        "version": "1.2",
        "recipe": {
            "repo": "github.com/symfony/recipes-contrib",
            "branch": "master",
            "version": "1.2",
            "ref": "6c1ceb662f8997085f739cd089bfbef67f245983"
        },
        "files": [
            "config/packages/stof_doctrine_extensions.yaml"
        ]
    },
    "symfony/apache-pack": {
        "version": "1.0",
        "recipe": {
            "repo": "github.com/symfony/recipes-contrib",
            "branch": "master",
            "version": "1.0",
            "ref": "71599f5b0fdeeeec0fb90e9b17c85e6f5e1350c1"
        },
        "files": [
            "public/.htaccess"
        ]
    },
    "twig/string-extra": {
        "version": "v3.1.1"
    }
}
